
Microsoft Visual Studio Solution File, Format Version 12.00
# Visual Studio Version 17
VisualStudioVersion = 17.8.34511.84
MinimumVisualStudioVersion = 10.0.40219.1
Project("{FAE04EC0-301F-11D3-BF4B-00C04F79EFBC}") = "API-FitTrack", "API-FitTrack\API-FitTrack.csproj", "{EEF5D580-BDFB-459D-85FC-1D7ECCB032EA}"
EndProject
Global
	GlobalSection(SolutionConfigurationPlatforms) = preSolution
		Debug|Any CPU = Debug|Any CPU
		Release|Any CPU = Release|Any CPU
	EndGlobalSection
	GlobalSection(ProjectConfigurationPlatforms) = postSolution
		{EEF5D580-BDFB-459D-85FC-1D7ECCB032EA}.Debug|Any CPU.ActiveCfg = Debug|Any CPU
		{EEF5D580-BDFB-459D-85FC-1D7ECCB032EA}.Debug|Any CPU.Build.0 = Debug|Any CPU
		{EEF5D580-BDFB-459D-85FC-1D7ECCB032EA}.Release|Any CPU.ActiveCfg = Release|Any CPU
		{EEF5D580-BDFB-459D-85FC-1D7ECCB032EA}.Release|Any CPU.Build.0 = Release|Any CPU
	EndGlobalSection
	GlobalSection(SolutionProperties) = preSolution
		HideSolutionNode = FALSE
	EndGlobalSection
	GlobalSection(ExtensibilityGlobals) = postSolution
		SolutionGuid = {24B3CE18-166A-48EF-BB68-2AECA7AA4446}
	EndGlobalSection
EndGlobal
