
Microsoft Visual Studio Solution File, Format Version 12.00
# Visual Studio Version 17
VisualStudioVersion = 17.9.34902.65
MinimumVisualStudioVersion = 10.0.40219.1
Project("{FAE04EC0-301F-11D3-BF4B-00C04F79EFBC}") = "FitTrack-API", "FitTrack-API.csproj", "{A21F2122-863A-4CEE-8BB7-9E445CB46AA5}"
EndProject
Global
	GlobalSection(SolutionConfigurationPlatforms) = preSolution
		Debug|Any CPU = Debug|Any CPU
		Release|Any CPU = Release|Any CPU
	EndGlobalSection
	GlobalSection(ProjectConfigurationPlatforms) = postSolution
		{A21F2122-863A-4CEE-8BB7-9E445CB46AA5}.Debug|Any CPU.ActiveCfg = Debug|Any CPU
		{A21F2122-863A-4CEE-8BB7-9E445CB46AA5}.Debug|Any CPU.Build.0 = Debug|Any CPU
		{A21F2122-863A-4CEE-8BB7-9E445CB46AA5}.Release|Any CPU.ActiveCfg = Release|Any CPU
		{A21F2122-863A-4CEE-8BB7-9E445CB46AA5}.Release|Any CPU.Build.0 = Release|Any CPU
	EndGlobalSection
	GlobalSection(SolutionProperties) = preSolution
		HideSolutionNode = FALSE
	EndGlobalSection
	GlobalSection(ExtensibilityGlobals) = postSolution
		SolutionGuid = {B62A3780-82AC-453C-BE6D-E1E2BE60B015}
	EndGlobalSection
EndGlobal
